Microsoft Visual Studio Solution File, Format Version 12.00
# Visual Studio Version 17
VisualStudioVersion = 17.8.34511.84
MinimumVisualStudioVersion = 10.0.40219.1
Project("{FAE04EC0-301F-11D3-BF4B-00C04F79EFBC}") = "AgentMessenger.Console", "AgentMessenger.Console\AgentMessenger.Console.csproj", "{5E9A12A6-4B70-4B66-BC74-2A75EA28D45A}"
EndProject
Global
	GlobalSection(SolutionConfigurationPlatforms) = preSolution
		Debug|Any CPU = Debug|Any CPU
		Release|Any CPU = Release|Any CPU
	EndGlobalSection
	GlobalSection(ProjectConfigurationPlatforms) = postSolution
		{5E9A12A6-4B70-4B66-BC74-2A75EA28D45A}.Debug|Any CPU.ActiveCfg = Debug|Any CPU
		{5E9A12A6-4B70-4B66-BC74-2A75EA28D45A}.Debug|Any CPU.Build.0 = Debug|Any CPU
		{5E9A12A6-4B70-4B66-BC74-2A75EA28D45A}.Release|Any CPU.ActiveCfg = Release|Any CPU
		{5E9A12A6-4B70-4B66-BC74-2A75EA28D45A}.Release|Any CPU.Build.0 = Release|Any CPU
	EndGlobalSection
	GlobalSection(SolutionProperties) = preSolution
		HideSolutionNode = FALSE
	EndGlobalSection
EndGlobal
